Microsoft Visual Studio Solution File, Format Version 12.00
# Visual Studio Version 17
VisualStudioVersion = 17.5.2.0
MinimumVisualStudioVersion = 10.0.40219.1
Project("{FAE04EC0-301F-11D3-BF4B-00C04F79EFBC}") = "CustoEnergia-1", "CustoEnergia-1.csproj", "{46116A14-3A00-AC49-F642-7901D2604B10}"
EndProject
Global
	GlobalSection(SolutionConfigurationPlatforms) = preSolution
		Debug|Any CPU = Debug|Any CPU
		Release|Any CPU = Release|Any CPU
	EndGlobalSection
	GlobalSection(ProjectConfigurationPlatforms) = postSolution
		{46116A14-3A00-AC49-F642-7901D2604B10}.Debug|Any CPU.ActiveCfg = Debug|Any CPU
		{46116A14-3A00-AC49-F642-7901D2604B10}.Debug|Any CPU.Build.0 = Debug|Any CPU
		{46116A14-3A00-AC49-F642-7901D2604B10}.Release|Any CPU.ActiveCfg = Release|Any CPU
		{46116A14-3A00-AC49-F642-7901D2604B10}.Release|Any CPU.Build.0 = Release|Any CPU
	EndGlobalSection
	GlobalSection(SolutionProperties) = preSolution
		HideSolutionNode = FALSE
	EndGlobalSection
	GlobalSection(ExtensibilityGlobals) = postSolution
		SolutionGuid = {11981B3E-F0DE-4F8F-A819-47D1B673CBE4}
	EndGlobalSection
EndGlobal
